# THIS IS AN AUTOGENERATED FILE. DO NOT EDIT THIS FILE DIRECTLY.
# yarn lockfile v1


"@types/node@^16.11.1":
  version "16.11.1"
  resolved "https://registry.yarnpkg.com/@types/node/-/node-16.11.1.tgz#2e50a649a50fc403433a14f829eface1a3443e97"
  integrity sha512-PYGcJHL9mwl1Ek3PLiYgyEKtwTMmkMw4vbiyz/ps3pfdRYLVv+SN7qHVAImrjdAXxgluDEw6Ph4lyv+m9UpRmA==

typescript@4.1:
  version "4.1.6"
  resolved "https://registry.yarnpkg.com/typescript/-/typescript-4.1.6.tgz#1becd85d77567c3c741172339e93ce2e69932138"
  integrity sha512-pxnwLxeb/Z5SP80JDRzVjh58KsM6jZHRAOtTpS7sXLS4ogXNKC9ANxHHZqLLeVHZN35jCtI4JdmLLbLiC1kBow==
